{
  "requires": true,
  "lockfileVersion": 1,
  "dependencies": {
    "angular": {
      "version": "1.7.8",
      "resolved": "https://registry.npmjs.org/angular/-/angular-1.7.8.tgz",
      "integrity": "sha512-wtef/y4COxM7ZVhddd7JtAAhyYObq9YXKar9tsW7558BImeVYteJiTxCKeJOL45lJ/+7B4wrAC49j8gTFYEthg=="
    },
    "angularjs-dropdown-multiselect": {
      "version": "2.0.0-beta.10",
      "resolved": "https://registry.npmjs.org/angularjs-dropdown-multiselect/-/angularjs-dropdown-multiselect-2.0.0-beta.10.tgz",
      "integrity": "sha1-/7R63w33M/PalM5JyE+PBdJHKl8=",
      "requires": {
        "angular": "1.7.8"
      }
    },
    "file-match": {
      "version": "1.0.2",
      "resolved": "https://registry.npmjs.org/file-match/-/file-match-1.0.2.tgz",
      "integrity": "sha1-ycrSZdLIrfOoFHWw30dYWQafrvc=",
      "requires": {
        "utils-extend": "1.0.8"
      }
    },
    "file-system": {
      "version": "2.2.2",
      "resolved": "https://registry.npmjs.org/file-system/-/file-system-2.2.2.tgz",
      "integrity": "sha1-fWWDPjojR9zZVqgTxncVPtPt2Yc=",
      "requires": {
        "file-match": "1.0.2",
        "utils-extend": "1.0.8"
      }
    },
    "ng-multiselect-dropdown": {
      "version": "0.2.3",
      "resolved": "https://registry.npmjs.org/ng-multiselect-dropdown/-/ng-multiselect-dropdown-0.2.3.tgz",
      "integrity": "sha512-xY//BPXxiApzhGxVTDaSKiiW245GKBuZFCka7W9mG/2sWWIi3Geie7k0XtZv+1ItclFL+OxFZATHBYW5QULgvg==",
      "requires": {
        "tslib": "1.10.0"
      }
    },
    "tslib": {
      "version": "1.10.0",
      "resolved": "https://registry.npmjs.org/tslib/-/tslib-1.10.0.tgz",
      "integrity": "sha512-qOebF53frne81cf0S9B41ByenJ3/IuH8yJKngAX35CmiZySA0khhkovshKK+jGCaMnVomla7gVlIcc3EvKPbTQ=="
    },
    "utils-extend": {
      "version": "1.0.8",
      "resolved": "https://registry.npmjs.org/utils-extend/-/utils-extend-1.0.8.tgz",
      "integrity": "sha1-zP17ZFQPjpDuIe7Fd2nQZRyril8="
    }
  }
}
